
Microsoft Visual Studio Solution File, Format Version 12.00
# Visual Studio Version 17
VisualStudioVersion = 17.12.35521.163 d17.12
MinimumVisualStudioVersion = 10.0.40219.1
Project("{FAE04EC0-301F-11D3-BF4B-00C04F79EFBC}") = "ClubMembershipApplication", "ClubMembershipApplication\ClubMembershipApplication.csproj", "{CA5F1101-F454-4CC5-BB5B-2208173C414E}"
EndProject
Project("{FAE04EC0-301F-11D3-BF4B-00C04F79EFBC}") = "FieldValidatorAPI", "FieldValidatorAPI\FieldValidatorAPI.csproj", "{898DBCB1-1072-4BC3-B42E-83B489129ACC}"
EndProject
Global
	GlobalSection(SolutionConfigurationPlatforms) = preSolution
		Debug|Any CPU = Debug|Any CPU
		Release|Any CPU = Release|Any CPU
	EndGlobalSection
	GlobalSection(ProjectConfigurationPlatforms) = postSolution
		{CA5F1101-F454-4CC5-BB5B-2208173C414E}.Debug|Any CPU.ActiveCfg = Debug|Any CPU
		{CA5F1101-F454-4CC5-BB5B-2208173C414E}.Debug|Any CPU.Build.0 = Debug|Any CPU
		{CA5F1101-F454-4CC5-BB5B-2208173C414E}.Release|Any CPU.ActiveCfg = Release|Any CPU
		{CA5F1101-F454-4CC5-BB5B-2208173C414E}.Release|Any CPU.Build.0 = Release|Any CPU
		{898DBCB1-1072-4BC3-B42E-83B489129ACC}.Debug|Any CPU.ActiveCfg = Debug|Any CPU
		{898DBCB1-1072-4BC3-B42E-83B489129ACC}.Debug|Any CPU.Build.0 = Debug|Any CPU
		{898DBCB1-1072-4BC3-B42E-83B489129ACC}.Release|Any CPU.ActiveCfg = Release|Any CPU
		{898DBCB1-1072-4BC3-B42E-83B489129ACC}.Release|Any CPU.Build.0 = Release|Any CPU
	EndGlobalSection
	GlobalSection(SolutionProperties) = preSolution
		HideSolutionNode = FALSE
	EndGlobalSection
EndGlobal
